# THIS IS AN AUTOGENERATED FILE. DO NOT EDIT THIS FILE DIRECTLY.
# yarn lockfile v1


"@babel/runtime@^7.11.2":
  version "7.12.5"
  resolved "https://registry.npmjs.org/@babel/runtime/-/runtime-7.12.5.tgz#410e7e487441e1b360c29be715d870d9b985882e"
  integrity sha512-plcc+hbExy3McchJCEQG3knOsuh3HH+Prx1P6cLIkET/0dLuQDEnrT+s27Axgc9bqfsmNUNHfscgMUdBpC9xfg==
  dependencies:
    regenerator-runtime "^0.13.4"

"@multiformats/base-x@^4.0.1":
  version "4.0.1"
  resolved "https://registry.npmjs.org/@multiformats/base-x/-/base-x-4.0.1.tgz#95ff0fa58711789d53aefb2590a8b7a4e715d121"
  integrity sha512-eMk0b9ReBbV23xXU693TAIrLyeO5iTgBZGSJfpqriG8UkYvr/hC9u9pyMlAakDNHWmbhMZCDs6KQO0jzKD8OTw==

"@stablelib/aead@^1.0.0":
  version "1.0.0"
  resolved "https://registry.npmjs.org/@stablelib/aead/-/aead-1.0.0.tgz#c1ae36d9aa5f4840964a7bfeb9a9639e50a12e9e"
  integrity sha512-2iO0P15w1onK8g/m6ygNqlMFBfC7BM8o1Zr7jRqMAF9+zhhyY3h4NZwnXKxUm11TBm62Yeesw+FKqs/gJ6shMA==

"@stablelib/binary@^1.0.0":
  version "1.0.0"
  resolved "https://registry.npmjs.org/@stablelib/binary/-/binary-1.0.0.tgz#fa216f8b2d2f7153878e2bc45e91dddee72c4749"
  integrity sha512-W01QhOw1tWL51Du1c5JZphJs7toRbfra1C2DBlhT0mRHZWGWB1hpFbqiZUFY7QNIMUpmmHLrlZs3YsSCB/giUg==
  dependencies:
    "@stablelib/int" "^1.0.0"

"@stablelib/bytes@^1.0.0":
  version "1.0.0"
  resolved "https://registry.npmjs.org/@stablelib/bytes/-/bytes-1.0.0.tgz#8a05d9fddc194130f269f7cdb5ea8c1f31083d5e"
  integrity sha512-c9CfJwoZpxub6yicmhkeEpvLLsvsAP76tBAHEXKuEjPzza946U7bgebJJoMl8Q+ZlU2vy9ZoWCXE1uLpi817Pg==

"@stablelib/chacha20poly1305@^1.0.0":
  version "1.0.0"
  resolved "https://registry.npmjs.org/@stablelib/chacha20poly1305/-/chacha20poly1305-1.0.0.tgz#93daff32d368d1d821a8497de2f68252ef550427"
  integrity sha512-sRv7T5nDRpwqerY9VZ3ABfzHukF/aa2njKvCHPvMpM3+WOYqU4JIP47MdvmrEj+NFHFP3hBx6XV5xpnV8IqMig==
  dependencies:
    "@stablelib/aead" "^1.0.0"
    "@stablelib/binary" "^1.0.0"
    "@stablelib/chacha" "^1.0.0"
    "@stablelib/constant-time" "^1.0.0"
    "@stablelib/poly1305" "^1.0.0"
    "@stablelib/wipe" "^1.0.0"

"@stablelib/chacha@^1.0.0":
  version "1.0.0"
  resolved "https://registry.npmjs.org/@stablelib/chacha/-/chacha-1.0.0.tgz#20167e25416b4d1518c95831cdc30eda44528931"
  integrity sha512-tlp3ECXiU7APq6n1YQ2K4B7MUppAOUWsvN1JMs2OWnYVR2Km+AsSmgMjjtefG8vPZ+J8tfY3sufzh5zCg5xiSw==
  dependencies:
    "@stablelib/binary" "^1.0.0"
    "@stablelib/wipe" "^1.0.0"

"@stablelib/constant-time@^1.0.0":
  version "1.0.0"
  resolved "https://registry.npmjs.org/@stablelib/constant-time/-/constant-time-1.0.0.tgz#779c17bb3bbe2d3b4cd6eaa167a906bce85524d8"
  integrity sha512-0lH6SB0wP562fa0yvNZMF2NbFr8QHeefhO1KOu2unW8qH1npdep7I1vGbPqEM+BHg6LqllPceVE8Ca0RwIDLDA==

"@stablelib/ed25519@^1.0.1":
  version "1.0.1"
  resolved "https://registry.npmjs.org/@stablelib/ed25519/-/ed25519-1.0.1.tgz#359ca5f59428e9fde9efef9a8f4040ff0a256d67"
  integrity sha512-kvC98vkJeertRj37yqTcjOwUVYWQ0jcywxxWpeuTal5ZNgH7EcbljtQYECA2Pi2N0zNG0a0AjSD2Q2DFcUxRjQ==
  dependencies:
    "@stablelib/random" "^1.0.0"
    "@stablelib/sha512" "^1.0.0"
    "@stablelib/wipe" "^1.0.0"

"@stablelib/hash@^1.0.0":
  version "1.0.0"
  resolved "https://registry.npmjs.org/@stablelib/hash/-/hash-1.0.0.tgz#28626ddc64cb84db9370f279c5a78cdc96f493ee"
  integrity sha512-wBvSIIx4Y8799BRD4TBhezS1P9+irGAKdsNgbZMeU5ndMbw7BtZALdCm0FcJIRFxJ2giPLPS9YCgrwWAhzSRLQ==

"@stablelib/int@^1.0.0":
  version "1.0.0"
  resolved "https://registry.npmjs.org/@stablelib/int/-/int-1.0.0.tgz#2432569169cc5640fe5e65b7f79f722ed9cacc59"
  integrity sha512-MRigEQCO7xM93nZqW4CbIBjhANGw3jJxGVSUZH3PQ6HWL1IGrFWVDBzIclWxl4l5aRRpqoM+76ellQNdUJPnsA==

"@stablelib/keyagreement@^1.0.0":
  version "1.0.0"
  resolved "https://registry.npmjs.org/@stablelib/keyagreement/-/keyagreement-1.0.0.tgz#3dcef0e59615557784b928380a97eb70a7cc3686"
  integrity sha512-M4f0QhuYGrMCLPoJIKWpC5riJfDivOFZHOAlj1Av44UJSyMzM46gJW0e9khKoTcbU8r8oXebkwlJT70Xm0+kqg==
  dependencies:
    "@stablelib/bytes" "^1.0.0"

"@stablelib/poly1305@^1.0.0":
  version "1.0.0"
  resolved "https://registry.npmjs.org/@stablelib/poly1305/-/poly1305-1.0.0.tgz#8a63e3eef9c58293d491739e32f85a04efc1386b"
  integrity sha512-8EOq8g3Naae+gGI/c/Tt1+xhbgDvkFwYx7QfTlps7SwA/IC6dhEZ+BzvU6O9FuVQ/l72yV7i3PSJ3LMOvTxS8g==
  dependencies:
    "@stablelib/constant-time" "^1.0.0"
    "@stablelib/wipe" "^1.0.0"

"@stablelib/random@^1.0.0":
  version "1.0.0"
  resolved "https://registry.npmjs.org/@stablelib/random/-/random-1.0.0.tgz#f441495075cdeaa45de16d7ddcc269c0b8edb16b"
  integrity sha512-G9vwwKrNCGMI/uHL6XeWe2Nk4BuxkYyWZagGaDU9wrsuV+9hUwNI1lok2WVo8uJDa2zx7ahNwN7Ij983hOUFEw==
  dependencies:
    "@stablelib/binary" "^1.0.0"
    "@stablelib/wipe" "^1.0.0"

"@stablelib/sha256@^1.0.0":
  version "1.0.0"
  resolved "https://registry.npmjs.org/@stablelib/sha256/-/sha256-1.0.0.tgz#05fc33814308caedab30068bd26bd31424c502e7"
  integrity sha512-+IEzCXO6HSyYWV+5TqdFjcUYgkebdiadzRtMXJg6ia68WQm2xHpABl5t0vVdtvgTlw7matBRhImunAHUFIAEUg==
  dependencies:
    "@stablelib/binary" "^1.0.0"
    "@stablelib/hash" "^1.0.0"
    "@stablelib/wipe" "^1.0.0"

"@stablelib/sha512@^1.0.0":
  version "1.0.0"
  resolved "https://registry.npmjs.org/@stablelib/sha512/-/sha512-1.0.0.tgz#91057cfcc15bdda96081ecfb6536b159510a05f6"
  integrity sha512-qvUu5SraAdGa8HAkAasfMyD9C+MwlRnFVRJ6cRxAEIekmDsU3tfGLnUm3wb9ao4t0FkihGrj8GKlV82TTR4Phw==
  dependencies:
    "@stablelib/binary" "^1.0.0"
    "@stablelib/hash" "^1.0.0"
    "@stablelib/wipe" "^1.0.0"

"@stablelib/wipe@^1.0.0":
  version "1.0.0"
  resolved "https://registry.npmjs.org/@stablelib/wipe/-/wipe-1.0.0.tgz#8ed028a10bb7527357b2655c360383b5f07c16ac"
  integrity sha512-0Fd4MQCbEh8OFSO+gG7wBXok7yRC3w+xe/wWM8KNye7EGoHr4BTFZNWV/1xAn2r8/gyFKxPXT8uxXRzDzGq6rg==

"@stablelib/x25519@^1.0.0":
  version "1.0.0"
  resolved "https://registry.npmjs.org/@stablelib/x25519/-/x25519-1.0.0.tgz#037699c752896d1e1ff036b0422247dfdcc1b29a"
  integrity sha512-sjlOzC8eZJhHTuMZnSTxtawYXbFXZtHm6TbhacvoYmJOG9/3cFX5z1Aw0WZfQvPNSk+8aPrpwuyRMmUO1PW8yw==
  dependencies:
    "@stablelib/keyagreement" "^1.0.0"
    "@stablelib/random" "^1.0.0"
    "@stablelib/wipe" "^1.0.0"

"@stablelib/xchacha20@^1.0.0":
  version "1.0.0"
  resolved "https://registry.npmjs.org/@stablelib/xchacha20/-/xchacha20-1.0.0.tgz#0b9911d21a640e9a7d5db3ef521187e7591957cf"
  integrity sha512-8q98HxPCgVUGMnjMl79KhEtWsh0UQbTt5x1570QnynF3uzzsGgP7exXwkyqi7s85SdvdO8EKEezDMjuzqv69Yw==
  dependencies:
    "@stablelib/binary" "^1.0.0"
    "@stablelib/chacha" "^1.0.0"
    "@stablelib/wipe" "^1.0.0"

"@stablelib/xchacha20poly1305@^1.0.0":
  version "1.0.0"
  resolved "https://registry.npmjs.org/@stablelib/xchacha20poly1305/-/xchacha20poly1305-1.0.0.tgz#f31c4b96ac6e5de2707ba357e23dd59f4cbfcd18"
  integrity sha512-rVcKmgEeMK8kInx2bvvBXLL/wMKrqeA6luWiZYRQj1QMnZnq3ReZd1szZdz2QWFQOlp7rXsZp+EaM4FqNlfZSw==
  dependencies:
    "@stablelib/aead" "^1.0.0"
    "@stablelib/chacha20poly1305" "^1.0.0"
    "@stablelib/constant-time" "^1.0.0"
    "@stablelib/wipe" "^1.0.0"
    "@stablelib/xchacha20" "^1.0.0"

"@types/prop-types@*":
  version "15.7.3"
  resolved "https://registry.npmjs.org/@types/prop-types/-/prop-types-15.7.3.tgz#2ab0d5da2e5815f94b0b9d4b95d1e5f243ab2ca7"
  integrity sha512-KfRL3PuHmqQLOG+2tGpRO26Ctg+Cq1E01D2DMriKEATHgWLfeNDmq9e29Q9WIky0dQ3NPkd1mzYH8Lm936Z9qw==

"@types/react@^17.0.0":
  version "17.0.0"
  resolved "https://registry.npmjs.org/@types/react/-/react-17.0.0.tgz#5af3eb7fad2807092f0046a1302b7823e27919b8"
  integrity sha512-aj/L7RIMsRlWML3YB6KZiXB3fV2t41+5RBGYF8z+tAKU43Px8C3cYUZsDvf1/+Bm4FK21QWBrDutu8ZJ/70qOw==
  dependencies:
    "@types/prop-types" "*"
    csstype "^3.0.2"

"@veramo/core@^1.1.1-next.1", "@veramo/core@^1.1.1-next.2+89255b9a":
  version "1.1.1-next.2"
  resolved "https://registry.npmjs.org/@veramo/core/-/core-1.1.1-next.2.tgz#22c388e7d0a665910d5bec21fe428bc0a0d6e444"
  integrity sha512-u8x4Mdg55+XDVjMyptYUW6fXeuyb0IzS2wI/NWPai8HTfoc1xDb1LCvXm8g5W3yfyKZePuE8t2974grACPtcqg==
  dependencies:
    debug "^4.1.1"
    did-jwt-vc "^1.0.3"
    events "^3.0.0"
    z-schema "^5.0.0"

"@veramo/remote-client@^1.1.1-next.1":
  version "1.1.1-next.2"
  resolved "https://registry.npmjs.org/@veramo/remote-client/-/remote-client-1.1.1-next.2.tgz#a742cc992beb60ba6d6f2c92a8e825ec2f9c1771"
  integrity sha512-t7GwlowOO/IUVx13/6oTMpNoEr5c+LgibkXk0E9Rh1K+663+b4s1BUHYmaB+na/MraL7wVwNY/qKlh9zxOtgmA==
  dependencies:
    "@veramo/core" "^1.1.1-next.2+89255b9a"
    cross-fetch "^3.0.5"
    debug "^4.1.1"
    openapi-types "^7.0.0"

bn.js@^4.4.0:
  version "4.11.9"
  resolved "https://registry.npmjs.org/bn.js/-/bn.js-4.11.9.tgz#26d556829458f9d1e81fc48952493d0ba3507828"
  integrity sha512-E6QoYqCKZfgatHTdHzs1RRKP7ip4vvm+EyRUeE2RF0NblwVvb0p6jSVeNTOFxPn26QXN2o6SMfNxKp6kU8zQaw==

brorand@^1.0.1:
  version "1.1.0"
  resolved "https://registry.npmjs.org/brorand/-/brorand-1.1.0.tgz#12c25efe40a45e3c323eb8675a0a0ce57b22371f"
  integrity sha1-EsJe/kCkXjwyPrhnWgoM5XsiNx8=

commander@^2.7.1:
  version "2.20.3"
  resolved "https://registry.npmjs.org/commander/-/commander-2.20.3.tgz#fd485e84c03eb4881c20722ba48035e8531aeb33"
  integrity sha512-GpVkmM8vF2vQUkj2LvZmD35JxeJOLCwJ9cUkugyk2nuhbv3+mJvpLYYt+0+USMxE+oj+ey/lJEnhZw75x/OMcQ==

cross-fetch@^3.0.5:
  version "3.0.6"
  resolved "https://registry.npmjs.org/cross-fetch/-/cross-fetch-3.0.6.tgz#3a4040bc8941e653e0e9cf17f29ebcd177d3365c"
  integrity sha512-KBPUbqgFjzWlVcURG+Svp9TlhA5uliYtiNx/0r8nv0pdypeQCRJ9IaSIc3q/x3q8t3F75cHuwxVql1HFGHCNJQ==
  dependencies:
    node-fetch "2.6.1"

csstype@^3.0.2:
  version "3.0.6"
  resolved "https://registry.npmjs.org/csstype/-/csstype-3.0.6.tgz#865d0b5833d7d8d40f4e5b8a6d76aea3de4725ef"
  integrity sha512-+ZAmfyWMT7TiIlzdqJgjMb7S4f1beorDbWbsocyK4RaiqA5RTX3K14bnBWmmA9QEM0gRdsjyyrEmcyga8Zsxmw==

debug@^4.1.1:
  version "4.3.1"
  resolved "https://registry.npmjs.org/debug/-/debug-4.3.1.tgz#f0d229c505e0c6d8c49ac553d1b13dc183f6b2ee"
  integrity sha512-doEwdvm4PCeK4K3RQN2ZC2BYUBaxwLARCqZmMjtF8a51J2Rb0xpVloFRnCODwqjpwnAoao4pelN8l3RJdv3gRQ==
  dependencies:
    ms "2.1.2"

did-jwt-vc@^1.0.3:
  version "1.0.7"
  resolved "https://registry.npmjs.org/did-jwt-vc/-/did-jwt-vc-1.0.7.tgz#ff25bb14b5b7468576533bd37409aad9bb746745"
  integrity sha512-ZQypMpR3TovdEc67SEOvhb0h3lnMRgm7PagNVnEO0FiPb4qVC1hMkX/qQd6SQqx8sW5GjYRm3xTWYMXaWDpgwQ==
  dependencies:
    did-jwt "^4.8.1"

did-jwt@^4.8.1:
  version "4.8.1"
  resolved "https://registry.npmjs.org/did-jwt/-/did-jwt-4.8.1.tgz#fae7d680c6d12c13cdce92530540d9f4b5d007f0"
  integrity sha512-TRfk6He4MSUe3mN+YBqX4wC8N4ns3jan0Ckwal6fPsexKYRwo20ns8w0IGt7J4oHOF3IxXNAkH07OBdEpMnEdA==
  dependencies:
    "@babel/runtime" "^7.11.2"
    "@stablelib/ed25519" "^1.0.1"
    "@stablelib/random" "^1.0.0"
    "@stablelib/sha256" "^1.0.0"
    "@stablelib/x25519" "^1.0.0"
    "@stablelib/xchacha20poly1305" "^1.0.0"
    did-resolver "^2.1.2"
    elliptic "^6.5.3"
    js-sha3 "^0.8.0"
    uint8arrays "^2.0.0"

did-resolver@^2.1.2:
  version "2.1.2"
  resolved "https://registry.npmjs.org/did-resolver/-/did-resolver-2.1.2.tgz#f1194fdbc087161809ce545e13c11a596f4a3928"
  integrity sha512-n4YGS1CzbX48U/ChLRY3SdgiV5N3B/+yh0ToS5t+Sx4QjhVZN6ZyijUSSYbFGvz+I4qImeSZOdo6RX8JaieN7A==

elliptic@^6.5.3:
  version "6.5.3"
  resolved "https://registry.npmjs.org/elliptic/-/elliptic-6.5.3.tgz#cb59eb2efdaf73a0bd78ccd7015a62ad6e0f93d6"
  integrity sha512-IMqzv5wNQf+E6aHeIqATs0tOLeOTwj1QKbRcS3jBbYkl5oLAserA8yJTT7/VyHUYG91PRmPyeQDObKLPpeS4dw==
  dependencies:
    bn.js "^4.4.0"
    brorand "^1.0.1"
    hash.js "^1.0.0"
    hmac-drbg "^1.0.0"
    inherits "^2.0.1"
    minimalistic-assert "^1.0.0"
    minimalistic-crypto-utils "^1.0.0"

events@^3.0.0:
  version "3.2.0"
  resolved "https://registry.npmjs.org/events/-/events-3.2.0.tgz#93b87c18f8efcd4202a461aec4dfc0556b639379"
  integrity sha512-/46HWwbfCX2xTawVfkKLGxMifJYQBWMwY1mjywRtb4c9x8l5NP3KoJtnIOiL1hfdRkIuYhETxQlo62IF8tcnlg==

hash.js@^1.0.0, hash.js@^1.0.3:
  version "1.1.7"
  resolved "https://registry.npmjs.org/hash.js/-/hash.js-1.1.7.tgz#0babca538e8d4ee4a0f8988d68866537a003cf42"
  integrity sha512-taOaskGt4z4SOANNseOviYDvjEJinIkRgmp7LbKP2YTTmVxWBl87s/uzK9r+44BclBSp2X7K1hqeNfz9JbBeXA==
  dependencies:
    inherits "^2.0.3"
    minimalistic-assert "^1.0.1"

hmac-drbg@^1.0.0:
  version "1.0.1"
  resolved "https://registry.npmjs.org/hmac-drbg/-/hmac-drbg-1.0.1.tgz#d2745701025a6c775a6c545793ed502fc0c649a1"
  integrity sha1-0nRXAQJabHdabFRXk+1QL8DGSaE=
  dependencies:
    hash.js "^1.0.3"
    minimalistic-assert "^1.0.0"
    minimalistic-crypto-utils "^1.0.1"

inherits@^2.0.1, inherits@^2.0.3:
  version "2.0.4"
  resolved "https://registry.npmjs.org/inherits/-/inherits-2.0.4.tgz#0fa2c64f932917c3433a0ded55363aae37416b7c"
  integrity sha512-k/vGaX4/Yla3WzyMCvTQOXYeIHvqOKtnqBduzTHpzpQZzAskKMhZ2K+EnBiSM9zGSoIFeMpXKxa4dYeZIQqewQ==

js-sha3@^0.8.0:
  version "0.8.0"
  resolved "https://registry.npmjs.org/js-sha3/-/js-sha3-0.8.0.tgz#b9b7a5da73afad7dedd0f8c463954cbde6818840"
  integrity sha512-gF1cRrHhIzNfToc802P800N8PpXS+evLLXfsVpowqmAFR9uwbi89WvXg2QspOmXL8QL86J4T1EpFu+yUkwJY3Q==

"js-tokens@^3.0.0 || ^4.0.0":
  version "4.0.0"
  resolved "https://registry.npmjs.org/js-tokens/-/js-tokens-4.0.0.tgz#19203fb59991df98e3a287050d4647cdeaf32499"
  integrity sha512-RdJUflcE3cUzKiMqQgsCu06FPu9UdIJO0beYbPhHN4k6apgJtifcoCtT9bcxOpYBtpD2kCM6Sbzg4CausW/PKQ==

lodash.get@^4.4.2:
  version "4.4.2"
  resolved "https://registry.npmjs.org/lodash.get/-/lodash.get-4.4.2.tgz#2d177f652fa31e939b4438d5341499dfa3825e99"
  integrity sha1-LRd/ZS+jHpObRDjVNBSZ36OCXpk=

lodash.isequal@^4.5.0:
  version "4.5.0"
  resolved "https://registry.npmjs.org/lodash.isequal/-/lodash.isequal-4.5.0.tgz#415c4478f2bcc30120c22ce10ed3226f7d3e18e0"
  integrity sha1-QVxEePK8wwEgwizhDtMib30+GOA=

loose-envify@^1.1.0:
  version "1.4.0"
  resolved "https://registry.npmjs.org/loose-envify/-/loose-envify-1.4.0.tgz#71ee51fa7be4caec1a63839f7e682d8132d30caf"
  integrity sha512-lyuxPGr/Wfhrlem2CL/UcnUc1zcqKAImBDzukY7Y5F/yQiNdko6+fRLevlw1HgMySw7f611UIY408EtxRSoK3Q==
  dependencies:
    js-tokens "^3.0.0 || ^4.0.0"

minimalistic-assert@^1.0.0, minimalistic-assert@^1.0.1:
  version "1.0.1"
  resolved "https://registry.npmjs.org/minimalistic-assert/-/minimalistic-assert-1.0.1.tgz#2e194de044626d4a10e7f7fbc00ce73e83e4d5c7"
  integrity sha512-UtJcAD4yEaGtjPezWuO9wC4nwUnVH/8/Im3yEHQP4b67cXlD/Qr9hdITCU1xDbSEXg2XKNaP8jsReV7vQd00/A==

minimalistic-crypto-utils@^1.0.0, minimalistic-crypto-utils@^1.0.1:
  version "1.0.1"
  resolved "https://registry.npmjs.org/minimalistic-crypto-utils/-/minimalistic-crypto-utils-1.0.1.tgz#f6c00c1c0b082246e5c4d99dfb8c7c083b2b582a"
  integrity sha1-9sAMHAsIIkblxNmd+4x8CDsrWCo=

ms@2.1.2:
  version "2.1.2"
  resolved "https://registry.npmjs.org/ms/-/ms-2.1.2.tgz#d09d1f357b443f493382a8eb3ccd183872ae6009"
  integrity sha512-sGkPx+VjMtmA6MX27oA4FBFELFCZZ4S4XqeGOXCv68tT+jb3vk/RyaKWP0PTKyWtmLSM0b+adUTEvbs1PEaH2w==

multibase@^3.0.0:
  version "3.1.1"
  resolved "https://registry.npmjs.org/multibase/-/multibase-3.1.1.tgz#fb4c0fc169c2d89d80cbf0cbbec4e00ffed8cf3a"
  integrity sha512-kkSd8jWGznDNEC2eDwtnvSGlZeTeEt0+oHieNWUhv8rIi8JU3voIUo02HpJBNOtgmtxT2CPwkElub7Y9kz3nrw==
  dependencies:
    "@multiformats/base-x" "^4.0.1"
    web-encoding "^1.0.6"

node-fetch@2.6.1:
  version "2.6.1"
  resolved "https://registry.npmjs.org/node-fetch/-/node-fetch-2.6.1.tgz#045bd323631f76ed2e2b55573394416b639a0052"
  integrity sha512-V4aYg89jEoVRxRb2fJdAg8FHvI7cEyYdVAh94HH0UIK8oJxUfkjlDQN9RbMx+bEjP7+ggMiFRprSti032Oipxw==

object-assign@^4.1.1:
  version "4.1.1"
  resolved "https://registry.npmjs.org/object-assign/-/object-assign-4.1.1.tgz#2109adc7965887cfc05cbbd442cac8bfbb360863"
  integrity sha1-IQmtx5ZYh8/AXLvUQsrIv7s2CGM=

openapi-types@^7.0.0:
  version "7.2.3"
  resolved "https://registry.npmjs.org/openapi-types/-/openapi-types-7.2.3.tgz#83829911a3410a022f0e0cf2b0b2e67232ccf96e"
  integrity sha512-olbaNxz12R27+mTyJ/ZAFEfUruauHH27AkeQHDHRq5AF0LdNkK1SSV7EourXQDK+4aX7dv2HtyirAGK06WMAsA==

react@*:
  version "17.0.1"
  resolved "https://registry.npmjs.org/react/-/react-17.0.1.tgz#6e0600416bd57574e3f86d92edba3d9008726127"
  integrity sha512-lG9c9UuMHdcAexXtigOZLX8exLWkW0Ku29qPRU8uhF2R9BN96dLCt0psvzPLlHc5OWkgymP3qwTRgbnw5BKx3w==
  dependencies:
    loose-envify "^1.1.0"
    object-assign "^4.1.1"

regenerator-runtime@^0.13.4:
  version "0.13.7"
  resolved "https://registry.npmjs.org/regenerator-runtime/-/regenerator-runtime-0.13.7.tgz#cac2dacc8a1ea675feaabaeb8ae833898ae46f55"
  integrity sha512-a54FxoJDIr27pgf7IgeQGxmqUNYrcV338lf/6gH456HZ/PhX+5BcwHXG9ajESmwe6WRO0tAzRUrRmNONWgkrew==

typescript@^4.0.3:
  version "4.1.3"
  resolved "https://registry.yarnpkg.com/typescript/-/typescript-4.1.3.tgz#519d582bd94cba0cf8934c7d8e8467e473f53bb7"
  integrity sha512-B3ZIOf1IKeH2ixgHhj6la6xdwR9QrLC5d1VKeCSY4tvkqhF2eqd9O7txNlS0PO3GrBAFIdr3L1ndNwteUbZLYg==

uint8arrays@^2.0.0:
  version "2.0.5"
  resolved "https://registry.npmjs.org/uint8arrays/-/uint8arrays-2.0.5.tgz#763d0c3dd8e1d05b656d2e60c8a9a53096a47d9e"
  integrity sha512-1HSktgwqtYIwVn1mg3GcnqKhHH9oC4kVgdD/43cxMWwhP8rihKcFPmToDzS1XtbvVvlR8XxTk/DUBf0C83qNIg==
  dependencies:
    multibase "^3.0.0"
    web-encoding "^1.0.5"

validator@^12.0.0:
  version "12.2.0"
  resolved "https://registry.npmjs.org/validator/-/validator-12.2.0.tgz#660d47e96267033fd070096c3b1a6f2db4380a0a"
  integrity sha512-jJfE/DW6tIK1Ek8nCfNFqt8Wb3nzMoAbocBF6/Icgg1ZFSBpObdnwVY2jQj6qUqzhx5jc71fpvBWyLGO7Xl+nQ==

web-encoding@^1.0.5, web-encoding@^1.0.6:
  version "1.0.6"
  resolved "https://registry.npmjs.org/web-encoding/-/web-encoding-1.0.6.tgz#ec631356ee523b4474ecbcae680440bd1e79416a"
  integrity sha512-26wEnRPEFAc5d5lmH1Q/DuvWEYsRF1D2alX2jlKpdmqv7cj+BbANL7Xlcl9r4s72Eg9kItZa9RWVbBMC9dMv4w==

z-schema@^5.0.0:
  version "5.0.0"
  resolved "https://registry.npmjs.org/z-schema/-/z-schema-5.0.0.tgz#6a9585cffcb9259c45c572443bc1a383238de91e"
  integrity sha512-58TxNEurHQEEgbrNbQnoUHXgh6tiplSvKb7D3o4K6KzICQk9vFyl8B0zycC/p3gW92qBZCmq5NJIhJODKrV7JQ==
  dependencies:
    lodash.get "^4.4.2"
    lodash.isequal "^4.5.0"
    validator "^12.0.0"
  optionalDependencies:
    commander "^2.7.1"
